// !$*UTF8*$!
{
	archiveVersion = 1;
	classes = {
	};
	objectVersion = 60;
	objects = {

/* Begin PBXBuildFile section */
		7A9BEF212D52F97E00ADC745 /* SceneDelegate.swift in Sources */ = {isa = PBXBuildFile; fileRef = 7A9BEF202D52F97E00ADC745 /* SceneDelegate.swift */; };
		7A9BEF242D52F9DF00ADC745 /* Coordinator.swift in Sources */ = {isa = PBXBuildFile; fileRef = 7A9BEF232D52F9DF00ADC745 /* Coordinator.swift */; };
		7A9BEF262D52FAFF00ADC745 /* AppCoordinator.swift in Sources */ = {isa = PBXBuildFile; fileRef = 7A9BEF252D52FAFF00ADC745 /* AppCoordinator.swift */; };
		7A9BEF382D53111C00ADC745 /* GitHubEndpoints.swift in Sources */ = {isa = PBXBuildFile; fileRef = 7A9BEF372D53111C00ADC745 /* GitHubEndpoints.swift */; };
		7A9D63E32D4EDF890016A522 /* RepositoriesViewModel.swift in Sources */ = {isa = PBXBuildFile; fileRef = 7A9D63E22D4EDF890016A522 /* RepositoriesViewModel.swift */; };
		7A9D63E52D4EDF8B0016A522 /* Assets.xcassets in Resources */ = {isa = PBXBuildFile; fileRef = 7A9D63E42D4EDF8B0016A522 /* Assets.xcassets */; };
		7A9D63E82D4EDF8B0016A522 /* Preview Assets.xcassets in Resources */ = {isa = PBXBuildFile; fileRef = 7A9D63E72D4EDF8B0016A522 /* Preview Assets.xcassets */; };
		7A9D63F22D4EDF8B0016A522 /* LuisaLabsTests.swift in Sources */ = {isa = PBXBuildFile; fileRef = 7A9D63F12D4EDF8B0016A522 /* LuisaLabsTests.swift */; };
		7A9D63FC2D4EDF8B0016A522 /* LuisaLabsUITests.swift in Sources */ = {isa = PBXBuildFile; fileRef = 7A9D63FB2D4EDF8B0016A522 /* LuisaLabsUITests.swift */; };
		7A9D63FE2D4EDF8B0016A522 /* LuisaLabsUITestsLaunchTests.swift in Sources */ = {isa = PBXBuildFile; fileRef = 7A9D63FD2D4EDF8B0016A522 /* LuisaLabsUITestsLaunchTests.swift */; };
		7A9D640C2D4EDFE20016A522 /* AppDelegate.swift in Sources */ = {isa = PBXBuildFile; fileRef = 7A9D640B2D4EDFE20016A522 /* AppDelegate.swift */; };
		7A9D64122D501AF50016A522 /* GitHubService.swift in Sources */ = {isa = PBXBuildFile; fileRef = 7A9D64112D501AF50016A522 /* GitHubService.swift */; };
		7A9D64142D501C0A0016A522 /* GitHubResponse.swift in Sources */ = {isa = PBXBuildFile; fileRef = 7A9D64132D501C0A0016A522 /* GitHubResponse.swift */; };
		7A9D64162D501C400016A522 /* RepositoryError.swift in Sources */ = {isa = PBXBuildFile; fileRef = 7A9D64152D501C400016A522 /* RepositoryError.swift */; };
		7A9D64182D501C880016A522 /* GitHubRequest.swift in Sources */ = {isa = PBXBuildFile; fileRef = 7A9D64172D501C880016A522 /* GitHubRequest.swift */; };
		7A9D6A7B2D5020090016A522 /* GitHubRepositoriesView.swift in Sources */ = {isa = PBXBuildFile; fileRef = 7A9D6A7A2D5020090016A522 /* GitHubRepositoriesView.swift */; };
		7A9EF51C2D5A56B5009E6257 /* PullRequestsViewModel.swift in Sources */ = {isa = PBXBuildFile; fileRef = 7A9EF51B2D5A56B5009E6257 /* PullRequestsViewModel.swift */; };
		7AACD6792D57F0CE00AC5CF8 /* Components in Frameworks */ = {isa = PBXBuildFile; productRef = 7AACD6782D57F0CE00AC5CF8 /* Components */; };
		7AACD67C2D57F0DD00AC5CF8 /* Core in Frameworks */ = {isa = PBXBuildFile; productRef = 7AACD67B2D57F0DD00AC5CF8 /* Core */; };
		7ACD53BD2D58C11800F49E98 /* AppStrings.swift in Sources */ = {isa = PBXBuildFile; fileRef = 7ACD53BC2D58C11800F49E98 /* AppStrings.swift */; };
		7AEA7F082D59C67B00635628 /* LaunchScreen.storyboard in Resources */ = {isa = PBXBuildFile; fileRef = 7AEA7F032D59C0B300635628 /* LaunchScreen.storyboard */; };
		7AEA7F0A2D59DCD400635628 /* AssetsList.swift in Sources */ = {isa = PBXBuildFile; fileRef = 7AEA7F092D59DCD400635628 /* AssetsList.swift */; };
		7AEA7F182D5A23A600635628 /* GitHubPullRequestsView.swift in Sources */ = {isa = PBXBuildFile; fileRef = 7AEA7F172D5A23A600635628 /* GitHubPullRequestsView.swift */; };
/* End PBXBuildFile section */

/* Begin PBXContainerItemProxy section */
		7A9D63EE2D4EDF8B0016A522 /* PBXContainerItemProxy */ = {
			isa = PBXContainerItemProxy;
			containerPortal = 7A9D63D52D4EDF890016A522 /* Project object */;
			proxyType = 1;
			remoteGlobalIDString = 7A9D63DC2D4EDF890016A522;
			remoteInfo = LuisaLabs;
		};
		7A9D63F82D4EDF8B0016A522 /* PBXContainerItemProxy */ = {
			isa = PBXContainerItemProxy;
			containerPortal = 7A9D63D52D4EDF890016A522 /* Project object */;
			proxyType = 1;
			remoteGlobalIDString = 7A9D63DC2D4EDF890016A522;
			remoteInfo = LuisaLabs;
		};
/* End PBXContainerItemProxy section */

/* Begin PBXFileReference section */
		7A9BEF202D52F97E00ADC745 /* SceneDelegate.swift */ = {isa = PBXFileReference; lastKnownFileType = sourcecode.swift; path = SceneDelegate.swift; sourceTree = "<group>"; };
		7A9BEF232D52F9DF00ADC745 /* Coordinator.swift */ = {isa = PBXFileReference; lastKnownFileType = sourcecode.swift; path = Coordinator.swift; sourceTree = "<group>"; };
		7A9BEF252D52FAFF00ADC745 /* AppCoordinator.swift */ = {isa = PBXFileReference; lastKnownFileType = sourcecode.swift; path = AppCoordinator.swift; sourceTree = "<group>"; };
		7A9BEF372D53111C00ADC745 /* GitHubEndpoints.swift */ = {isa = PBXFileReference; lastKnownFileType = sourcecode.swift; path = GitHubEndpoints.swift; sourceTree = "<group>"; };
		7A9BF32C2D552CA000ADC745 /* Info.plist */ = {isa = PBXFileReference; lastKnownFileType = text.plist; path = Info.plist; sourceTree = "<group>"; };
		7A9D63DD2D4EDF890016A522 /* LuisaLabs.app */ = {isa = PBXFileReference; explicitFileType = wrapper.application; includeInIndex = 0; path = LuisaLabs.app; sourceTree = BUILT_PRODUCTS_DIR; };
		7A9D63E22D4EDF890016A522 /* RepositoriesViewModel.swift */ = {isa = PBXFileReference; lastKnownFileType = sourcecode.swift; path = RepositoriesViewModel.swift; sourceTree = "<group>"; };
		7A9D63E42D4EDF8B0016A522 /* Assets.xcassets */ = {isa = PBXFileReference; lastKnownFileType = folder.assetcatalog; name = Assets.xcassets; path = LuisaLabs/Resources/Assets.xcassets; sourceTree = SOURCE_ROOT; };
		7A9D63E72D4EDF8B0016A522 /* Preview Assets.xcassets */ = {isa = PBXFileReference; lastKnownFileType = folder.assetcatalog; path = "Preview Assets.xcassets"; sourceTree = "<group>"; };
		7A9D63ED2D4EDF8B0016A522 /* LuisaLabsTests.xctest */ = {isa = PBXFileReference; explicitFileType = wrapper.cfbundle; includeInIndex = 0; path = LuisaLabsTests.xctest; sourceTree = BUILT_PRODUCTS_DIR; };
		7A9D63F12D4EDF8B0016A522 /* LuisaLabsTests.swift */ = {isa = PBXFileReference; lastKnownFileType = sourcecode.swift; path = LuisaLabsTests.swift; sourceTree = "<group>"; };
		7A9D63F72D4EDF8B0016A522 /* LuisaLabsUITests.xctest */ = {isa = PBXFileReference; explicitFileType = wrapper.cfbundle; includeInIndex = 0; path = LuisaLabsUITests.xctest; sourceTree = BUILT_PRODUCTS_DIR; };
		7A9D63FB2D4EDF8B0016A522 /* LuisaLabsUITests.swift */ = {isa = PBXFileReference; lastKnownFileType = sourcecode.swift; path = LuisaLabsUITests.swift; sourceTree = "<group>"; };
		7A9D63FD2D4EDF8B0016A522 /* LuisaLabsUITestsLaunchTests.swift */ = {isa = PBXFileReference; lastKnownFileType = sourcecode.swift; path = LuisaLabsUITestsLaunchTests.swift; sourceTree = "<group>"; };
		7A9D640B2D4EDFE20016A522 /* AppDelegate.swift */ = {isa = PBXFileReference; lastKnownFileType = sourcecode.swift; path = AppDelegate.swift; sourceTree = "<group>"; };
		7A9D64112D501AF50016A522 /* GitHubService.swift */ = {isa = PBXFileReference; lastKnownFileType = sourcecode.swift; path = GitHubService.swift; sourceTree = "<group>"; };
		7A9D64132D501C0A0016A522 /* GitHubResponse.swift */ = {isa = PBXFileReference; lastKnownFileType = sourcecode.swift; path = GitHubResponse.swift; sourceTree = "<group>"; };
		7A9D64152D501C400016A522 /* RepositoryError.swift */ = {isa = PBXFileReference; lastKnownFileType = sourcecode.swift; path = RepositoryError.swift; sourceTree = "<group>"; };
		7A9D64172D501C880016A522 /* GitHubRequest.swift */ = {isa = PBXFileReference; lastKnownFileType = sourcecode.swift; path = GitHubRequest.swift; sourceTree = "<group>"; };
		7A9D6A7A2D5020090016A522 /* GitHubRepositoriesView.swift */ = {isa = PBXFileReference; lastKnownFileType = sourcecode.swift; path = GitHubRepositoriesView.swift; sourceTree = "<group>"; };
		7A9EF51B2D5A56B5009E6257 /* PullRequestsViewModel.swift */ = {isa = PBXFileReference; lastKnownFileType = sourcecode.swift; path = PullRequestsViewModel.swift; sourceTree = "<group>"; };
		7ACD53BC2D58C11800F49E98 /* AppStrings.swift */ = {isa = PBXFileReference; lastKnownFileType = sourcecode.swift; path = AppStrings.swift; sourceTree = "<group>"; };
		7AEA7F032D59C0B300635628 /* LaunchScreen.storyboard */ = {isa = PBXFileReference; lastKnownFileType = file.storyboard; name = LaunchScreen.storyboard; path = LuisaLabs/LaunchScreen.storyboard; sourceTree = SOURCE_ROOT; };
		7AEA7F092D59DCD400635628 /* AssetsList.swift */ = {isa = PBXFileReference; lastKnownFileType = sourcecode.swift; path = AssetsList.swift; sourceTree = "<group>"; };
		7AEA7F172D5A23A600635628 /* GitHubPullRequestsView.swift */ = {isa = PBXFileReference; lastKnownFileType = sourcecode.swift; path = GitHubPullRequestsView.swift; sourceTree = "<group>"; };
/* End PBXFileReference section */

/* Begin PBXFrameworksBuildPhase section */
		7A9D63DA2D4EDF890016A522 /* Frameworks */ = {
			isa = PBXFrameworksBuildPhase;
			buildActionMask = 2147483647;
			files = (
				7AACD6792D57F0CE00AC5CF8 /* Components in Frameworks */,
				7AACD67C2D57F0DD00AC5CF8 /* Core in Frameworks */,
			);
			runOnlyForDeploymentPostprocessing = 0;
		};
		7A9D63EA2D4EDF8B0016A522 /* Frameworks */ = {
			isa = PBXFrameworksBuildPhase;
			buildActionMask = 2147483647;
			files = (
			);
			runOnlyForDeploymentPostprocessing = 0;
		};
		7A9D63F42D4EDF8B0016A522 /* Frameworks */ = {
			isa = PBXFrameworksBuildPhase;
			buildActionMask = 2147483647;
			files = (
			);
			runOnlyForDeploymentPostprocessing = 0;
		};
/* End PBXFrameworksBuildPhase section */

/* Begin PBXGroup section */
		7A9BEF222D52F9C000ADC745 /* Coordinator */ = {
			isa = PBXGroup;
			children = (
				7A9BEF232D52F9DF00ADC745 /* Coordinator.swift */,
				7A9BEF252D52FAFF00ADC745 /* AppCoordinator.swift */,
			);
			path = Coordinator;
			sourceTree = "<group>";
		};
		7A9D63D42D4EDF890016A522 = {
			isa = PBXGroup;
			children = (
				7A9D640A2D4EDFC10016A522 /* Tests */,
				7A9D63DF2D4EDF890016A522 /* LuisaLabs */,
				7A9D63DE2D4EDF890016A522 /* Products */,
			);
			sourceTree = "<group>";
		};
		7A9D63DE2D4EDF890016A522 /* Products */ = {
			isa = PBXGroup;
			children = (
				7A9D63DD2D4EDF890016A522 /* LuisaLabs.app */,
				7A9D63ED2D4EDF8B0016A522 /* LuisaLabsTests.xctest */,
				7A9D63F72D4EDF8B0016A522 /* LuisaLabsUITests.xctest */,
			);
			name = Products;
			sourceTree = "<group>";
		};
		7A9D63DF2D4EDF890016A522 /* LuisaLabs */ = {
			isa = PBXGroup;
			children = (
				7ACD53BB2D58C0CE00F49E98 /* Resources */,
				7A9BEF222D52F9C000ADC745 /* Coordinator */,
				7A9D6A792D501FE70016A522 /* Presentation */,
				7A9D64102D501AE40016A522 /* Data */,
				7A9D63E62D4EDF8B0016A522 /* Preview Content */,
				7A9D640B2D4EDFE20016A522 /* AppDelegate.swift */,
				7A9BEF202D52F97E00ADC745 /* SceneDelegate.swift */,
				7AEA7F032D59C0B300635628 /* LaunchScreen.storyboard */,
				7A9BF32C2D552CA000ADC745 /* Info.plist */,
			);
			path = LuisaLabs;
			sourceTree = "<group>";
		};
		7A9D63E62D4EDF8B0016A522 /* Preview Content */ = {
			isa = PBXGroup;
			children = (
				7A9D63E72D4EDF8B0016A522 /* Preview Assets.xcassets */,
			);
			path = "Preview Content";
			sourceTree = "<group>";
		};
		7A9D63F02D4EDF8B0016A522 /* LuisaLabsTests */ = {
			isa = PBXGroup;
			children = (
				7A9D63F12D4EDF8B0016A522 /* LuisaLabsTests.swift */,
			);
			path = LuisaLabsTests;
			sourceTree = "<group>";
		};
		7A9D63FA2D4EDF8B0016A522 /* LuisaLabsUITests */ = {
			isa = PBXGroup;
			children = (
				7A9D63FB2D4EDF8B0016A522 /* LuisaLabsUITests.swift */,
				7A9D63FD2D4EDF8B0016A522 /* LuisaLabsUITestsLaunchTests.swift */,
			);
			path = LuisaLabsUITests;
			sourceTree = "<group>";
		};
		7A9D640A2D4EDFC10016A522 /* Tests */ = {
			isa = PBXGroup;
			children = (
				7A9D63F02D4EDF8B0016A522 /* LuisaLabsTests */,
				7A9D63FA2D4EDF8B0016A522 /* LuisaLabsUITests */,
			);
			path = Tests;
			sourceTree = "<group>";
		};
		7A9D640F2D4EE2540016A522 /* GitHubRepositories */ = {
			isa = PBXGroup;
			children = (
				7A9D63E22D4EDF890016A522 /* RepositoriesViewModel.swift */,
				7A9D6A7A2D5020090016A522 /* GitHubRepositoriesView.swift */,
			);
			path = GitHubRepositories;
			sourceTree = "<group>";
		};
		7A9D64102D501AE40016A522 /* Data */ = {
			isa = PBXGroup;
			children = (
				7A9D64192D501DA40016A522 /* DataModels */,
				7A9D64112D501AF50016A522 /* GitHubService.swift */,
				7A9BEF372D53111C00ADC745 /* GitHubEndpoints.swift */,
			);
			path = Data;
			sourceTree = "<group>";
		};
		7A9D64192D501DA40016A522 /* DataModels */ = {
			isa = PBXGroup;
			children = (
				7A9D64132D501C0A0016A522 /* GitHubResponse.swift */,
				7A9D64152D501C400016A522 /* RepositoryError.swift */,
				7A9D64172D501C880016A522 /* GitHubRequest.swift */,
			);
			path = DataModels;
			sourceTree = "<group>";
		};
		7A9D6A792D501FE70016A522 /* Presentation */ = {
			isa = PBXGroup;
			children = (
				7AEA7F162D5A234B00635628 /* GitHubPullRequests */,
				7A9D640F2D4EE2540016A522 /* GitHubRepositories */,
			);
			path = Presentation;
			sourceTree = "<group>";
		};
		7ACD53BB2D58C0CE00F49E98 /* Resources */ = {
			isa = PBXGroup;
			children = (
				7A9D63E42D4EDF8B0016A522 /* Assets.xcassets */,
				7ACD53BC2D58C11800F49E98 /* AppStrings.swift */,
				7AEA7F092D59DCD400635628 /* AssetsList.swift */,
			);
			path = Resources;
			sourceTree = "<group>";
		};
		7AEA7F162D5A234B00635628 /* GitHubPullRequests */ = {
			isa = PBXGroup;
			children = (
				7AEA7F172D5A23A600635628 /* GitHubPullRequestsView.swift */,
				7A9EF51B2D5A56B5009E6257 /* PullRequestsViewModel.swift */,
			);
			path = GitHubPullRequests;
			sourceTree = "<group>";
		};
/* End PBXGroup section */

/* Begin PBXNativeTarget section */
		7A9D63DC2D4EDF890016A522 /* LuisaLabs */ = {
			isa = PBXNativeTarget;
			buildConfigurationList = 7A9D64012D4EDF8B0016A522 /* Build configuration list for PBXNativeTarget "LuisaLabs" */;
			buildPhases = (
				7A9D63D92D4EDF890016A522 /* Sources */,
				7A9D63DA2D4EDF890016A522 /* Frameworks */,
				7A9D63DB2D4EDF890016A522 /* Resources */,
				7AEA786B2D5978B600635628 /* ShellScript */,
			);
			buildRules = (
			);
			dependencies = (
			);
			name = LuisaLabs;
			packageProductDependencies = (
				7AACD6782D57F0CE00AC5CF8 /* Components */,
				7AACD67B2D57F0DD00AC5CF8 /* Core */,
			);
			productName = LuisaLabs;
			productReference = 7A9D63DD2D4EDF890016A522 /* LuisaLabs.app */;
			productType = "com.apple.product-type.application";
		};
		7A9D63EC2D4EDF8B0016A522 /* LuisaLabsTests */ = {
			isa = PBXNativeTarget;
			buildConfigurationList = 7A9D64042D4EDF8B0016A522 /* Build configuration list for PBXNativeTarget "LuisaLabsTests" */;
			buildPhases = (
				7A9D63E92D4EDF8B0016A522 /* Sources */,
				7A9D63EA2D4EDF8B0016A522 /* Frameworks */,
				7A9D63EB2D4EDF8B0016A522 /* Resources */,
			);
			buildRules = (
			);
			dependencies = (
				7A9D63EF2D4EDF8B0016A522 /* PBXTargetDependency */,
			);
			name = LuisaLabsTests;
			productName = LuisaLabsTests;
			productReference = 7A9D63ED2D4EDF8B0016A522 /* LuisaLabsTests.xctest */;
			productType = "com.apple.product-type.bundle.unit-test";
		};
		7A9D63F62D4EDF8B0016A522 /* LuisaLabsUITests */ = {
			isa = PBXNativeTarget;
			buildConfigurationList = 7A9D64072D4EDF8B0016A522 /* Build configuration list for PBXNativeTarget "LuisaLabsUITests" */;
			buildPhases = (
				7A9D63F32D4EDF8B0016A522 /* Sources */,
				7A9D63F42D4EDF8B0016A522 /* Frameworks */,
				7A9D63F52D4EDF8B0016A522 /* Resources */,
			);
			buildRules = (
			);
			dependencies = (
				7A9D63F92D4EDF8B0016A522 /* PBXTargetDependency */,
			);
			name = LuisaLabsUITests;
			productName = LuisaLabsUITests;
			productReference = 7A9D63F72D4EDF8B0016A522 /* LuisaLabsUITests.xctest */;
			productType = "com.apple.product-type.bundle.ui-testing";
		};
/* End PBXNativeTarget section */

/* Begin PBXProject section */
		7A9D63D52D4EDF890016A522 /* Project object */ = {
			isa = PBXProject;
			attributes = {
				BuildIndependentTargetsInParallel = 1;
				LastSwiftUpdateCheck = 1520;
				LastUpgradeCheck = 1520;
				TargetAttributes = {
					7A9D63DC2D4EDF890016A522 = {
						CreatedOnToolsVersion = 15.2;
					};
					7A9D63EC2D4EDF8B0016A522 = {
						CreatedOnToolsVersion = 15.2;
						TestTargetID = 7A9D63DC2D4EDF890016A522;
					};
					7A9D63F62D4EDF8B0016A522 = {
						CreatedOnToolsVersion = 15.2;
						TestTargetID = 7A9D63DC2D4EDF890016A522;
					};
				};
			};
			buildConfigurationList = 7A9D63D82D4EDF890016A522 /* Build configuration list for PBXProject "LuisaLabs" */;
			compatibilityVersion = "Xcode 14.0";
			developmentRegion = en;
			hasScannedForEncodings = 0;
			knownRegions = (
				en,
				Base,
			);
			mainGroup = 7A9D63D42D4EDF890016A522;
			packageReferences = (
				7AACD6772D57F0CE00AC5CF8 /* XCLocalSwiftPackageReference "Components" */,
				7AACD67A2D57F0DD00AC5CF8 /* XCLocalSwiftPackageReference "Core" */,
				7AEA786A2D59777500635628 /* XCRemoteSwiftPackageReference "SwiftLintPlugins" */,
			);
			productRefGroup = 7A9D63DE2D4EDF890016A522 /* Products */;
			projectDirPath = "";
			projectRoot = "";
			targets = (
				7A9D63DC2D4EDF890016A522 /* LuisaLabs */,
				7A9D63EC2D4EDF8B0016A522 /* LuisaLabsTests */,
				7A9D63F62D4EDF8B0016A522 /* LuisaLabsUITests */,
			);
		};
/* End PBXProject section */

/* Begin PBXResourcesBuildPhase section */
		7A9D63DB2D4EDF890016A522 /* Resources */ = {
			isa = PBXResourcesBuildPhase;
			buildActionMask = 2147483647;
			files = (
				7AEA7F082D59C67B00635628 /* LaunchScreen.storyboard in Resources */,
				7A9D63E82D4EDF8B0016A522 /* Preview Assets.xcassets in Resources */,
				7A9D63E52D4EDF8B0016A522 /* Assets.xcassets in Resources */,
			);
			runOnlyForDeploymentPostprocessing = 0;
		};
		7A9D63EB2D4EDF8B0016A522 /* Resources */ = {
			isa = PBXResourcesBuildPhase;
			buildActionMask = 2147483647;
			files = (
			);
			runOnlyForDeploymentPostprocessing = 0;
		};
		7A9D63F52D4EDF8B0016A522 /* Resources */ = {
			isa = PBXResourcesBuildPhase;
			buildActionMask = 2147483647;
			files = (
			);
			runOnlyForDeploymentPostprocessing = 0;
		};
/* End PBXResourcesBuildPhase section */

/* Begin PBXShellScriptBuildPhase section */
		7AEA786B2D5978B600635628 /* ShellScript */ = {
			isa = PBXShellScriptBuildPhase;
			alwaysOutOfDate = 1;
			buildActionMask = 2147483647;
			files = (
			);
			inputFileListPaths = (
			);
			inputPaths = (
			);
			outputFileListPaths = (
			);
			outputPaths = (
			);
			runOnlyForDeploymentPostprocessing = 0;
			shellPath = /bin/sh;
			shellScript = "# Type a script or drag a script file from your workspace to insert its path.\nSWIFT_PACKAGE_DIR=\"${BUILD_DIR%Build/*}SourcePackages/artifacts\"\nSWIFTLINT_CMD=$(ls \"$SWIFT_PACKAGE_DIR\"/swiftlintplugins/SwiftLintBinary/SwiftLintBinary.artifactbundle/swiftlint-*-macos/bin/swiftlint | head -n 1)\n\nif test -f \"$SWIFTLINT_CMD\" 2>&1\nthen\n    \"$SWIFTLINT_CMD\"\nelse\n    echo \"warning: `swiftlint` command not found - See https://github.com/realm/SwiftLint#installation for installation instructions.\"\nfi\n";
			showEnvVarsInLog = 0;
		};
/* End PBXShellScriptBuildPhase section */

/* Begin PBXSourcesBuildPhase section */
		7A9D63D92D4EDF890016A522 /* Sources */ = {
			isa = PBXSourcesBuildPhase;
			buildActionMask = 2147483647;
			files = (
				7ACD53BD2D58C11800F49E98 /* AppStrings.swift in Sources */,
				7A9D64162D501C400016A522 /* RepositoryError.swift in Sources */,
				7A9BEF242D52F9DF00ADC745 /* Coordinator.swift in Sources */,
				7A9D64122D501AF50016A522 /* GitHubService.swift in Sources */,
				7A9D64182D501C880016A522 /* GitHubRequest.swift in Sources */,
				7A9EF51C2D5A56B5009E6257 /* PullRequestsViewModel.swift in Sources */,
				7A9BEF382D53111C00ADC745 /* GitHubEndpoints.swift in Sources */,
				7A9BEF262D52FAFF00ADC745 /* AppCoordinator.swift in Sources */,
				7A9D640C2D4EDFE20016A522 /* AppDelegate.swift in Sources */,
				7AEA7F182D5A23A600635628 /* GitHubPullRequestsView.swift in Sources */,
				7A9D64142D501C0A0016A522 /* GitHubResponse.swift in Sources */,
				7A9D6A7B2D5020090016A522 /* GitHubRepositoriesView.swift in Sources */,
				7A9D63E32D4EDF890016A522 /* RepositoriesViewModel.swift in Sources */,
				7A9BEF212D52F97E00ADC745 /* SceneDelegate.swift in Sources */,
				7AEA7F0A2D59DCD400635628 /* AssetsList.swift in Sources */,
			);
			runOnlyForDeploymentPostprocessing = 0;
		};
		7A9D63E92D4EDF8B0016A522 /* Sources */ = {
			isa = PBXSourcesBuildPhase;
			buildActionMask = 2147483647;
			files = (
				7A9D63F22D4EDF8B0016A522 /* LuisaLabsTests.swift in Sources */,
			);
			runOnlyForDeploymentPostprocessing = 0;
		};
		7A9D63F32D4EDF8B0016A522 /* Sources */ = {
			isa = PBXSourcesBuildPhase;
			buildActionMask = 2147483647;
			files = (
				7A9D63FC2D4EDF8B0016A522 /* LuisaLabsUITests.swift in Sources */,
				7A9D63FE2D4EDF8B0016A522 /* LuisaLabsUITestsLaunchTests.swift in Sources */,
			);
			runOnlyForDeploymentPostprocessing = 0;
		};
/* End PBXSourcesBuildPhase section */

/* Begin PBXTargetDependency section */
		7A9D63EF2D4EDF8B0016A522 /* PBXTargetDependency */ = {
			isa = PBXTargetDependency;
			target = 7A9D63DC2D4EDF890016A522 /* LuisaLabs */;
			targetProxy = 7A9D63EE2D4EDF8B0016A522 /* PBXContainerItemProxy */;
		};
		7A9D63F92D4EDF8B0016A522 /* PBXTargetDependency */ = {
			isa = PBXTargetDependency;
			target = 7A9D63DC2D4EDF890016A522 /* LuisaLabs */;
			targetProxy = 7A9D63F82D4EDF8B0016A522 /* PBXContainerItemProxy */;
		};
/* End PBXTargetDependency section */

/* Begin XCBuildConfiguration section */
		7A9D63FF2D4EDF8B0016A522 /* Debug */ = {
			isa = XCBuildConfiguration;
			buildSettings = {
				ALWAYS_SEARCH_USER_PATHS = NO;
				ASSETCATALOG_COMPILER_GENERATE_SWIFT_ASSET_SYMBOL_EXTENSIONS = YES;
				CLANG_ANALYZER_NONNULL = YES;
				CLANG_ANALYZER_NUMBER_OBJECT_CONVERSION = YES_AGGRESSIVE;
				CLANG_CXX_LANGUAGE_STANDARD = "gnu++20";
				CLANG_ENABLE_MODULES = YES;
				CLANG_ENABLE_OBJC_ARC = YES;
				CLANG_ENABLE_OBJC_WEAK = YES;
				CLANG_WARN_BLOCK_CAPTURE_AUTORELEASING = YES;
				CLANG_WARN_BOOL_CONVERSION = YES;
				CLANG_WARN_COMMA = YES;
				CLANG_WARN_CONSTANT_CONVERSION = YES;
				CLANG_WARN_DEPRECATED_OBJC_IMPLEMENTATIONS = YES;
				CLANG_WARN_DIRECT_OBJC_ISA_USAGE = YES_ERROR;
				CLANG_WARN_DOCUMENTATION_COMMENTS = YES;
				CLANG_WARN_EMPTY_BODY = YES;
				CLANG_WARN_ENUM_CONVERSION = YES;
				CLANG_WARN_INFINITE_RECURSION = YES;
				CLANG_WARN_INT_CONVERSION = YES;
				CLANG_WARN_NON_LITERAL_NULL_CONVERSION = YES;
				CLANG_WARN_OBJC_IMPLICIT_RETAIN_SELF = YES;
				CLANG_WARN_OBJC_LITERAL_CONVERSION = YES;
				CLANG_WARN_OBJC_ROOT_CLASS = YES_ERROR;
				CLANG_WARN_QUOTED_INCLUDE_IN_FRAMEWORK_HEADER = YES;
				CLANG_WARN_RANGE_LOOP_ANALYSIS = YES;
				CLANG_WARN_STRICT_PROTOTYPES = YES;
				CLANG_WARN_SUSPICIOUS_MOVE = YES;
				CLANG_WARN_UNGUARDED_AVAILABILITY = YES_AGGRESSIVE;
				CLANG_WARN_UNREACHABLE_CODE = YES;
				CLANG_WARN__DUPLICATE_METHOD_MATCH = YES;
				COPY_PHASE_STRIP = NO;
				DEBUG_INFORMATION_FORMAT = dwarf;
				ENABLE_STRICT_OBJC_MSGSEND = YES;
				ENABLE_TESTABILITY = YES;
				ENABLE_USER_SCRIPT_SANDBOXING = YES;
				GCC_C_LANGUAGE_STANDARD = gnu17;
				GCC_DYNAMIC_NO_PIC = NO;
				GCC_NO_COMMON_BLOCKS = YES;
				GCC_OPTIMIZATION_LEVEL = 0;
				GCC_PREPROCESSOR_DEFINITIONS = (
					"DEBUG=1",
					"$(inherited)",
				);
				GCC_WARN_64_TO_32_BIT_CONVERSION = YES;
				GCC_WARN_ABOUT_RETURN_TYPE = YES_ERROR;
				GCC_WARN_UNDECLARED_SELECTOR = YES;
				GCC_WARN_UNINITIALIZED_AUTOS = YES_AGGRESSIVE;
				GCC_WARN_UNUSED_FUNCTION = YES;
				GCC_WARN_UNUSED_VARIABLE = YES;
				IPHONEOS_DEPLOYMENT_TARGET = 16.0;
				LOCALIZATION_PREFERS_STRING_CATALOGS = YES;
				MTL_ENABLE_DEBUG_INFO = INCLUDE_SOURCE;
				MTL_FAST_MATH = YES;
				ONLY_ACTIVE_ARCH = YES;
				SDKROOT = iphoneos;
				SWIFT_ACTIVE_COMPILATION_CONDITIONS = "DEBUG $(inherited)";
				SWIFT_OPTIMIZATION_LEVEL = "-Onone";
			};
			name = Debug;
		};
		7A9D64002D4EDF8B0016A522 /* Release */ = {
			isa = XCBuildConfiguration;
			buildSettings = {
				ALWAYS_SEARCH_USER_PATHS = NO;
				ASSETCATALOG_COMPILER_GENERATE_SWIFT_ASSET_SYMBOL_EXTENSIONS = YES;
				CLANG_ANALYZER_NONNULL = YES;
				CLANG_ANALYZER_NUMBER_OBJECT_CONVERSION = YES_AGGRESSIVE;
				CLANG_CXX_LANGUAGE_STANDARD = "gnu++20";
				CLANG_ENABLE_MODULES = YES;
				CLANG_ENABLE_OBJC_ARC = YES;
				CLANG_ENABLE_OBJC_WEAK = YES;
				CLANG_WARN_BLOCK_CAPTURE_AUTORELEASING = YES;
				CLANG_WARN_BOOL_CONVERSION = YES;
				CLANG_WARN_COMMA = YES;
				CLANG_WARN_CONSTANT_CONVERSION = YES;
				CLANG_WARN_DEPRECATED_OBJC_IMPLEMENTATIONS = YES;
				CLANG_WARN_DIRECT_OBJC_ISA_USAGE = YES_ERROR;
				CLANG_WARN_DOCUMENTATION_COMMENTS = YES;
				CLANG_WARN_EMPTY_BODY = YES;
				CLANG_WARN_ENUM_CONVERSION = YES;
				CLANG_WARN_INFINITE_RECURSION = YES;
				CLANG_WARN_INT_CONVERSION = YES;
				CLANG_WARN_NON_LITERAL_NULL_CONVERSION = YES;
				CLANG_WARN_OBJC_IMPLICIT_RETAIN_SELF = YES;
				CLANG_WARN_OBJC_LITERAL_CONVERSION = YES;
				CLANG_WARN_OBJC_ROOT_CLASS = YES_ERROR;
				CLANG_WARN_QUOTED_INCLUDE_IN_FRAMEWORK_HEADER = YES;
				CLANG_WARN_RANGE_LOOP_ANALYSIS = YES;
				CLANG_WARN_STRICT_PROTOTYPES = YES;
				CLANG_WARN_SUSPICIOUS_MOVE = YES;
				CLANG_WARN_UNGUARDED_AVAILABILITY = YES_AGGRESSIVE;
				CLANG_WARN_UNREACHABLE_CODE = YES;
				CLANG_WARN__DUPLICATE_METHOD_MATCH = YES;
				COPY_PHASE_STRIP = NO;
				DEBUG_INFORMATION_FORMAT = "dwarf-with-dsym";
				ENABLE_NS_ASSERTIONS = NO;
				ENABLE_STRICT_OBJC_MSGSEND = YES;
				ENABLE_USER_SCRIPT_SANDBOXING = YES;
				GCC_C_LANGUAGE_STANDARD = gnu17;
				GCC_NO_COMMON_BLOCKS = YES;
				GCC_WARN_64_TO_32_BIT_CONVERSION = YES;
				GCC_WARN_ABOUT_RETURN_TYPE = YES_ERROR;
				GCC_WARN_UNDECLARED_SELECTOR = YES;
				GCC_WARN_UNINITIALIZED_AUTOS = YES_AGGRESSIVE;
				GCC_WARN_UNUSED_FUNCTION = YES;
				GCC_WARN_UNUSED_VARIABLE = YES;
				IPHONEOS_DEPLOYMENT_TARGET = 16.0;
				LOCALIZATION_PREFERS_STRING_CATALOGS = YES;
				MTL_ENABLE_DEBUG_INFO = NO;
				MTL_FAST_MATH = YES;
				SDKROOT = iphoneos;
				SWIFT_COMPILATION_MODE = wholemodule;
				VALIDATE_PRODUCT = YES;
			};
			name = Release;
		};
		7A9D64022D4EDF8B0016A522 /* Debug */ = {
			isa = XCBuildConfiguration;
			buildSettings = {
				ASSETCATALOG_COMPILER_APPICON_NAME = AppIcon;
				ASSETCATALOG_COMPILER_GLOBAL_ACCENT_COLOR_NAME = AccentColor;
				ASSETCATALOG_COMPILER_INCLUDE_ALL_APPICON_ASSETS = NO;
				CODE_SIGN_STYLE = Automatic;
				CURRENT_PROJECT_VERSION = 1;
				DEVELOPMENT_ASSET_PATHS = "\"LuisaLabs/Preview Content\"";
				DEVELOPMENT_TEAM = AV4222C43M;
				ENABLE_PREVIEWS = YES;
				ENABLE_USER_SCRIPT_SANDBOXING = NO;
				GENERATE_INFOPLIST_FILE = YES;
				INFOPLIST_FILE = LuisaLabs/Info.plist;
				INFOPLIST_KEY_UILaunchStoryboardName = LaunchScreen.storyboard;
				INFOPLIST_KEY_UISupportedInterfaceOrientations_iPad = "UIInterfaceOrientationPortrait UIInterfaceOrientationPortraitUpsideDown UIInterfaceOrientationLandscapeLeft UIInterfaceOrientationLandscapeRight";
				INFOPLIST_KEY_UISupportedInterfaceOrientations_iPhone = "UIInterfaceOrientationPortrait UIInterfaceOrientationLandscapeLeft UIInterfaceOrientationLandscapeRight";
				LD_RUNPATH_SEARCH_PATHS = (
					"$(inherited)",
					"@executable_path/Frameworks",
				);
				MARKETING_VERSION = 1.0;
				PRODUCT_BUNDLE_IDENTIFIER = GeorgeApostolakis.LuisaLabs;
				PRODUCT_NAME = "$(TARGET_NAME)";
				SWIFT_EMIT_LOC_STRINGS = YES;
				SWIFT_VERSION = 5.0;
				TARGETED_DEVICE_FAMILY = "1,2";
			};
			name = Debug;
		};
		7A9D64032D4EDF8B0016A522 /* Release */ = {
			isa = XCBuildConfiguration;
			buildSettings = {
				ASSETCATALOG_COMPILER_APPICON_NAME = AppIcon;
				ASSETCATALOG_COMPILER_GLOBAL_ACCENT_COLOR_NAME = AccentColor;
				ASSETCATALOG_COMPILER_INCLUDE_ALL_APPICON_ASSETS = NO;
				CODE_SIGN_STYLE = Automatic;
				CURRENT_PROJECT_VERSION = 1;
				DEVELOPMENT_ASSET_PATHS = "\"LuisaLabs/Preview Content\"";
				DEVELOPMENT_TEAM = AV4222C43M;
				ENABLE_PREVIEWS = YES;
				ENABLE_USER_SCRIPT_SANDBOXING = NO;
				GENERATE_INFOPLIST_FILE = YES;
				INFOPLIST_FILE = LuisaLabs/Info.plist;
				INFOPLIST_KEY_UILaunchStoryboardName = LaunchScreen.storyboard;
				INFOPLIST_KEY_UISupportedInterfaceOrientations_iPad = "UIInterfaceOrientationPortrait UIInterfaceOrientationPortraitUpsideDown UIInterfaceOrientationLandscapeLeft UIInterfaceOrientationLandscapeRight";
				INFOPLIST_KEY_UISupportedInterfaceOrientations_iPhone = "UIInterfaceOrientationPortrait UIInterfaceOrientationLandscapeLeft UIInterfaceOrientationLandscapeRight";
				LD_RUNPATH_SEARCH_PATHS = (
					"$(inherited)",
					"@executable_path/Frameworks",
				);
				MARKETING_VERSION = 1.0;
				PRODUCT_BUNDLE_IDENTIFIER = GeorgeApostolakis.LuisaLabs;
				PRODUCT_NAME = "$(TARGET_NAME)";
				SWIFT_EMIT_LOC_STRINGS = YES;
				SWIFT_VERSION = 5.0;
				TARGETED_DEVICE_FAMILY = "1,2";
			};
			name = Release;
		};
		7A9D64052D4EDF8B0016A522 /* Debug */ = {
			isa = XCBuildConfiguration;
			buildSettings = {
				ALWAYS_EMBED_SWIFT_STANDARD_LIBRARIES = YES;
				BUNDLE_LOADER = "$(TEST_HOST)";
				CODE_SIGN_STYLE = Automatic;
				CURRENT_PROJECT_VERSION = 1;
				DEVELOPMENT_TEAM = AV4222C43M;
				GENERATE_INFOPLIST_FILE = YES;
				IPHONEOS_DEPLOYMENT_TARGET = 17.2;
				MARKETING_VERSION = 1.0;
				PRODUCT_BUNDLE_IDENTIFIER = GeorgeApostolakis.LuisaLabsTests;
				PRODUCT_NAME = "$(TARGET_NAME)";
				SWIFT_EMIT_LOC_STRINGS = NO;
				SWIFT_VERSION = 5.0;
				TARGETED_DEVICE_FAMILY = "1,2";
				TEST_HOST = "$(BUILT_PRODUCTS_DIR)/LuisaLabs.app/$(BUNDLE_EXECUTABLE_FOLDER_PATH)/LuisaLabs";
			};
			name = Debug;
		};
		7A9D64062D4EDF8B0016A522 /* Release */ = {
			isa = XCBuildConfiguration;
			buildSettings = {
				ALWAYS_EMBED_SWIFT_STANDARD_LIBRARIES = YES;
				BUNDLE_LOADER = "$(TEST_HOST)";
				CODE_SIGN_STYLE = Automatic;
				CURRENT_PROJECT_VERSION = 1;
				DEVELOPMENT_TEAM = AV4222C43M;
				GENERATE_INFOPLIST_FILE = YES;
				IPHONEOS_DEPLOYMENT_TARGET = 17.2;
				MARKETING_VERSION = 1.0;
				PRODUCT_BUNDLE_IDENTIFIER = GeorgeApostolakis.LuisaLabsTests;
				PRODUCT_NAME = "$(TARGET_NAME)";
				SWIFT_EMIT_LOC_STRINGS = NO;
				SWIFT_VERSION = 5.0;
				TARGETED_DEVICE_FAMILY = "1,2";
				TEST_HOST = "$(BUILT_PRODUCTS_DIR)/LuisaLabs.app/$(BUNDLE_EXECUTABLE_FOLDER_PATH)/LuisaLabs";
			};
			name = Release;
		};
		7A9D64082D4EDF8B0016A522 /* Debug */ = {
			isa = XCBuildConfiguration;
			buildSettings = {
				ALWAYS_EMBED_SWIFT_STANDARD_LIBRARIES = YES;
				CODE_SIGN_STYLE = Automatic;
				CURRENT_PROJECT_VERSION = 1;
				DEVELOPMENT_TEAM = AV4222C43M;
				GENERATE_INFOPLIST_FILE = YES;
				MARKETING_VERSION = 1.0;
				PRODUCT_BUNDLE_IDENTIFIER = GeorgeApostolakis.LuisaLabsUITests;
				PRODUCT_NAME = "$(TARGET_NAME)";
				SWIFT_EMIT_LOC_STRINGS = NO;
				SWIFT_VERSION = 5.0;
				TARGETED_DEVICE_FAMILY = "1,2";
				TEST_TARGET_NAME = LuisaLabs;
			};
			name = Debug;
		};
		7A9D64092D4EDF8B0016A522 /* Release */ = {
			isa = XCBuildConfiguration;
			buildSettings = {
				ALWAYS_EMBED_SWIFT_STANDARD_LIBRARIES = YES;
				CODE_SIGN_STYLE = Automatic;
				CURRENT_PROJECT_VERSION = 1;
				DEVELOPMENT_TEAM = AV4222C43M;
				GENERATE_INFOPLIST_FILE = YES;
				MARKETING_VERSION = 1.0;
				PRODUCT_BUNDLE_IDENTIFIER = GeorgeApostolakis.LuisaLabsUITests;
				PRODUCT_NAME = "$(TARGET_NAME)";
				SWIFT_EMIT_LOC_STRINGS = NO;
				SWIFT_VERSION = 5.0;
				TARGETED_DEVICE_FAMILY = "1,2";
				TEST_TARGET_NAME = LuisaLabs;
			};
			name = Release;
		};
/* End XCBuildConfiguration section */

/* Begin XCConfigurationList section */
		7A9D63D82D4EDF890016A522 /* Build configuration list for PBXProject "LuisaLabs" */ = {
			isa = XCConfigurationList;
			buildConfigurations = (
				7A9D63FF2D4EDF8B0016A522 /* Debug */,
				7A9D64002D4EDF8B0016A522 /* Release */,
			);
			defaultConfigurationIsVisible = 0;
			defaultConfigurationName = Release;
		};
		7A9D64012D4EDF8B0016A522 /* Build configuration list for PBXNativeTarget "LuisaLabs" */ = {
			isa = XCConfigurationList;
			buildConfigurations = (
				7A9D64022D4EDF8B0016A522 /* Debug */,
				7A9D64032D4EDF8B0016A522 /* Release */,
			);
			defaultConfigurationIsVisible = 0;
			defaultConfigurationName = Release;
		};
		7A9D64042D4EDF8B0016A522 /* Build configuration list for PBXNativeTarget "LuisaLabsTests" */ = {
			isa = XCConfigurationList;
			buildConfigurations = (
				7A9D64052D4EDF8B0016A522 /* Debug */,
				7A9D64062D4EDF8B0016A522 /* Release */,
			);
			defaultConfigurationIsVisible = 0;
			defaultConfigurationName = Release;
		};
		7A9D64072D4EDF8B0016A522 /* Build configuration list for PBXNativeTarget "LuisaLabsUITests" */ = {
			isa = XCConfigurationList;
			buildConfigurations = (
				7A9D64082D4EDF8B0016A522 /* Debug */,
				7A9D64092D4EDF8B0016A522 /* Release */,
			);
			defaultConfigurationIsVisible = 0;
			defaultConfigurationName = Release;
		};
/* End XCConfigurationList section */

/* Begin XCLocalSwiftPackageReference section */
		7AACD6772D57F0CE00AC5CF8 /* XCLocalSwiftPackageReference "Components" */ = {
			isa = XCLocalSwiftPackageReference;
			relativePath = Components;
		};
		7AACD67A2D57F0DD00AC5CF8 /* XCLocalSwiftPackageReference "Core" */ = {
			isa = XCLocalSwiftPackageReference;
			relativePath = Core;
		};
/* End XCLocalSwiftPackageReference section */

/* Begin XCRemoteSwiftPackageReference section */
		7AEA786A2D59777500635628 /* XCRemoteSwiftPackageReference "SwiftLintPlugins" */ = {
			isa = XCRemoteSwiftPackageReference;
			repositoryURL = "https://github.com/SimplyDanny/SwiftLintPlugins";
			requirement = {
				kind = exactVersion;
				version = 0.57.1;
			};
		};
/* End XCRemoteSwiftPackageReference section */

/* Begin XCSwiftPackageProductDependency section */
		7AACD6782D57F0CE00AC5CF8 /* Components */ = {
			isa = XCSwiftPackageProductDependency;
			productName = Components;
		};
		7AACD67B2D57F0DD00AC5CF8 /* Core */ = {
			isa = XCSwiftPackageProductDependency;
			productName = Core;
		};
/* End XCSwiftPackageProductDependency section */
	};
	rootObject = 7A9D63D52D4EDF890016A522 /* Project object */;
}
